{
  "version": 4,
  "terraform_version": "1.5.7",
  "serial": 58,
  "lineage": "122fceae-16ad-14ab-59e1-ebae466445f9",
  "outputs": {
    "random_name_1": {
      "value": "D+FysNx4e+87Og==",
      "type": "string"
    },
    "random_name_2": {
      "value": "server-HJ/Jjg7lZoOhrg==",
      "type": "string"
    }
  },
  "resources": [
    {
      "mode": "managed",
      "type": "random_id",
      "name": "server1",
      "provider": "provider[\"registry.terraform.io/hashicorp/random\"]",
      "instances": [
        {
          "schema_version": 0,
          "attributes": {
            "b64_std": "D+FysNx4e+87Og==",
            "b64_url": "D-FysNx4e-87Og",
            "byte_length": 10,
            "dec": "74994279007355585641274",
            "hex": "0fe172b0dc787bef3b3a",
            "id": "D-FysNx4e-87Og",
            "keepers": {
              "name": "2024-01-10T10:11:31Z"
            },
            "prefix": null
          },
          "sensitive_attributes": []
        }
      ]
    },
    {
      "mode": "managed",
      "type": "random_id",
      "name": "server2",
      "provider": "provider[\"registry.terraform.io/hashicorp/random\"]",
      "instances": [
        {
          "schema_version": 0,
          "attributes": {
            "b64_std": "server-HJ/Jjg7lZoOhrg==",
            "b64_url": "server-HJ_Jjg7lZoOhrg",
            "byte_length": 10,
            "dec": "server-135173817390296631321006",
            "hex": "server-1c9fc98e0ee56683a1ae",
            "id": "HJ_Jjg7lZoOhrg",
            "keepers": {
              "name": "2024-01-10T10:11:31Z"
            },
            "prefix": "server-"
          },
          "sensitive_attributes": []
        }
      ]
    },
    {
      "mode": "managed",
      "type": "terraform_data",
      "name": "nothing",
      "provider": "provider[\"terraform.io/builtin/terraform\"]",
      "instances": [
        {
          "schema_version": 0,
          "attributes": {
            "id": "33dbf20a-ad13-0463-1b7f-c0880ee5b127",
            "input": null,
            "output": null,
            "triggers_replace": null
          },
          "sensitive_attributes": [],
          "dependencies": [
            "random_id.server1"
          ]
        }
      ]
    }
  ],
  "check_results": null
}
